// !$*UTF8*$!
{
	archiveVersion = 1;
	classes = {
	};
	objectVersion = 52;
	objects = {

/* Begin PBXBuildFile section */
		BB82F1B42664FF0F009273BE /* RKScannerView in Frameworks */ = {isa = PBXBuildFile; productRef = BB82F1B32664FF0F009273BE /* RKScannerView */; };
		BBDBDAC12663B05200793D67 /* AppDelegate.swift in Sources */ = {isa = PBXBuildFile; fileRef = BBDBDAC02663B05200793D67 /* AppDelegate.swift */; };
		BBDBDAC32663B05200793D67 /* SceneDelegate.swift in Sources */ = {isa = PBXBuildFile; fileRef = BBDBDAC22663B05200793D67 /* SceneDelegate.swift */; };
		BBDBDAC52663B05200793D67 /* ViewController.swift in Sources */ = {isa = PBXBuildFile; fileRef = BBDBDAC42663B05200793D67 /* ViewController.swift */; };
		BBDBDAC82663B05200793D67 /* Main.storyboard in Resources */ = {isa = PBXBuildFile; fileRef = BBDBDAC62663B05200793D67 /* Main.storyboard */; };
		BBDBDACA2663B05400793D67 /* Assets.xcassets in Resources */ = {isa = PBXBuildFile; fileRef = BBDBDAC92663B05400793D67 /* Assets.xcassets */; };
		BBDBDACD2663B05400793D67 /* LaunchScreen.storyboard in Resources */ = {isa = PBXBuildFile; fileRef = BBDBDACB2663B05400793D67 /* LaunchScreen.storyboard */; };
/* End PBXBuildFile section */

/* Begin PBXFileReference section */
		BBDBDABD2663B05200793D67 /* QRDemo.app */ = {isa = PBXFileReference; explicitFileType = wrapper.application; includeInIndex = 0; path = QRDemo.app; sourceTree = BUILT_PRODUCTS_DIR; };
		BBDBDAC02663B05200793D67 /* AppDelegate.swift */ = {isa = PBXFileReference; lastKnownFileType = sourcecode.swift; path = AppDelegate.swift; sourceTree = "<group>"; };
		BBDBDAC22663B05200793D67 /* SceneDelegate.swift */ = {isa = PBXFileReference; lastKnownFileType = sourcecode.swift; path = SceneDelegate.swift; sourceTree = "<group>"; };
		BBDBDAC42663B05200793D67 /* ViewController.swift */ = {isa = PBXFileReference; lastKnownFileType = sourcecode.swift; path = ViewController.swift; sourceTree = "<group>"; };
		BBDBDAC72663B05200793D67 /* Base */ = {isa = PBXFileReference; lastKnownFileType = file.storyboard; name = Base; path = Base.lproj/Main.storyboard; sourceTree = "<group>"; };
		BBDBDAC92663B05400793D67 /* Assets.xcassets */ = {isa = PBXFileReference; lastKnownFileType = folder.assetcatalog; path = Assets.xcassets; sourceTree = "<group>"; };
		BBDBDACC2663B05400793D67 /* Base */ = {isa = PBXFileReference; lastKnownFileType = file.storyboard; name = Base; path = Base.lproj/LaunchScreen.storyboard; sourceTree = "<group>"; };
		BBDBDACE2663B05400793D67 /* Info.plist */ = {isa = PBXFileReference; lastKnownFileType = text.plist.xml; path = Info.plist; sourceTree = "<group>"; };
/* End PBXFileReference section */

/* Begin PBXFrameworksBuildPhase section */
		BBDBDABA2663B05200793D67 /* Frameworks */ = {
			isa = PBXFrameworksBuildPhase;
			buildActionMask = 2147483647;
			files = (
				BB82F1B42664FF0F009273BE /* RKScannerView in Frameworks */,
			);
			runOnlyForDeploymentPostprocessing = 0;
		};
/* End PBXFrameworksBuildPhase section */

/* Begin PBXGroup section */
		BBDBDAB42663B05200793D67 = {
			isa = PBXGroup;
			children = (
				BBDBDABF2663B05200793D67 /* QRDemo */,
				BBDBDABE2663B05200793D67 /* Products */,
			);
			sourceTree = "<group>";
		};
		BBDBDABE2663B05200793D67 /* Products */ = {
			isa = PBXGroup;
			children = (
				BBDBDABD2663B05200793D67 /* QRDemo.app */,
			);
			name = Products;
			sourceTree = "<group>";
		};
		BBDBDABF2663B05200793D67 /* QRDemo */ = {
			isa = PBXGroup;
			children = (
				BBDBDAC02663B05200793D67 /* AppDelegate.swift */,
				BBDBDAC22663B05200793D67 /* SceneDelegate.swift */,
				BBDBDAC42663B05200793D67 /* ViewController.swift */,
				BBDBDAC62663B05200793D67 /* Main.storyboard */,
				BBDBDAC92663B05400793D67 /* Assets.xcassets */,
				BBDBDACB2663B05400793D67 /* LaunchScreen.storyboard */,
				BBDBDACE2663B05400793D67 /* Info.plist */,
			);
			path = QRDemo;
			sourceTree = "<group>";
		};
/* End PBXGroup section */

/* Begin PBXNativeTarget section */
		BBDBDABC2663B05200793D67 /* QRDemo */ = {
			isa = PBXNativeTarget;
			buildConfigurationList = BBDBDAD12663B05400793D67 /* Build configuration list for PBXNativeTarget "QRDemo" */;
			buildPhases = (
				BBDBDAB92663B05200793D67 /* Sources */,
				BBDBDABA2663B05200793D67 /* Frameworks */,
				BBDBDABB2663B05200793D67 /* Resources */,
			);
			buildRules = (
			);
			dependencies = (
			);
			name = QRDemo;
			packageProductDependencies = (
				BB82F1B32664FF0F009273BE /* RKScannerView */,
			);
			productName = QRDemo;
			productReference = BBDBDABD2663B05200793D67 /* QRDemo.app */;
			productType = "com.apple.product-type.application";
		};
/* End PBXNativeTarget section */

/* Begin PBXProject section */
		BBDBDAB52663B05200793D67 /* Project object */ = {
			isa = PBXProject;
			attributes = {
				LastSwiftUpdateCheck = 1250;
				LastUpgradeCheck = 1250;
				TargetAttributes = {
					BBDBDABC2663B05200793D67 = {
						CreatedOnToolsVersion = 12.5;
					};
				};
			};
			buildConfigurationList = BBDBDAB82663B05200793D67 /* Build configuration list for PBXProject "QRDemo" */;
			compatibilityVersion = "Xcode 9.3";
			developmentRegion = en;
			hasScannedForEncodings = 0;
			knownRegions = (
				en,
				Base,
			);
			mainGroup = BBDBDAB42663B05200793D67;
			packageReferences = (
				BB82F1B22664FF0F009273BE /* XCRemoteSwiftPackageReference "RKScannerView" */,
			);
			productRefGroup = BBDBDABE2663B05200793D67 /* Products */;
			projectDirPath = "";
			projectRoot = "";
			targets = (
				BBDBDABC2663B05200793D67 /* QRDemo */,
			);
		};
/* End PBXProject section */

/* Begin PBXResourcesBuildPhase section */
		BBDBDABB2663B05200793D67 /* Resources */ = {
			isa = PBXResourcesBuildPhase;
			buildActionMask = 2147483647;
			files = (
				BBDBDACD2663B05400793D67 /* LaunchScreen.storyboard in Resources */,
				BBDBDACA2663B05400793D67 /* Assets.xcassets in Resources */,
				BBDBDAC82663B05200793D67 /* Main.storyboard in Resources */,
			);
			runOnlyForDeploymentPostprocessing = 0;
		};
/* End PBXResourcesBuildPhase section */

/* Begin PBXSourcesBuildPhase section */
		BBDBDAB92663B05200793D67 /* Sources */ = {
			isa = PBXSourcesBuildPhase;
			buildActionMask = 2147483647;
			files = (
				BBDBDAC52663B05200793D67 /* ViewController.swift in Sources */,
				BBDBDAC12663B05200793D67 /* AppDelegate.swift in Sources */,
				BBDBDAC32663B05200793D67 /* SceneDelegate.swift in Sources */,
			);
			runOnlyForDeploymentPostprocessing = 0;
		};
/* End PBXSourcesBuildPhase section */

/* Begin PBXVariantGroup section */
		BBDBDAC62663B05200793D67 /* Main.storyboard */ = {
			isa = PBXVariantGroup;
			children = (
				BBDBDAC72663B05200793D67 /* Base */,
			);
			name = Main.storyboard;
			sourceTree = "<group>";
		};
		BBDBDACB2663B05400793D67 /* LaunchScreen.storyboard */ = {
			isa = PBXVariantGroup;
			children = (
				BBDBDACC2663B05400793D67 /* Base */,
			);
			name = LaunchScreen.storyboard;
			sourceTree = "<group>";
		};
/* End PBXVariantGroup section */

/* Begin XCBuildConfiguration section */
		BBDBDACF2663B05400793D67 /* Debug */ = {
			isa = XCBuildConfiguration;
			buildSettings = {
				ALWAYS_SEARCH_USER_PATHS = NO;
				CLANG_ANALYZER_NONNULL = YES;
				CLANG_ANALYZER_NUMBER_OBJECT_CONVERSION = YES_AGGRESSIVE;
				CLANG_CXX_LANGUAGE_STANDARD = "gnu++14";
				CLANG_CXX_LIBRARY = "libc++";
				CLANG_ENABLE_MODULES = YES;
				CLANG_ENABLE_OBJC_ARC = YES;
				CLANG_ENABLE_OBJC_WEAK = YES;
				CLANG_WARN_BLOCK_CAPTURE_AUTORELEASING = YES;
				CLANG_WARN_BOOL_CONVERSION = YES;
				CLANG_WARN_COMMA = YES;
				CLANG_WARN_CONSTANT_CONVERSION = YES;
				CLANG_WARN_DEPRECATED_OBJC_IMPLEMENTATIONS = YES;
				CLANG_WARN_DIRECT_OBJC_ISA_USAGE = YES_ERROR;
				CLANG_WARN_DOCUMENTATION_COMMENTS = YES;
				CLANG_WARN_EMPTY_BODY = YES;
				CLANG_WARN_ENUM_CONVERSION = YES;
				CLANG_WARN_INFINITE_RECURSION = YES;
				CLANG_WARN_INT_CONVERSION = YES;
				CLANG_WARN_NON_LITERAL_NULL_CONVERSION = YES;
				CLANG_WARN_OBJC_IMPLICIT_RETAIN_SELF = YES;
				CLANG_WARN_OBJC_LITERAL_CONVERSION = YES;
				CLANG_WARN_OBJC_ROOT_CLASS = YES_ERROR;
				CLANG_WARN_QUOTED_INCLUDE_IN_FRAMEWORK_HEADER = YES;
				CLANG_WARN_RANGE_LOOP_ANALYSIS = YES;
				CLANG_WARN_STRICT_PROTOTYPES = YES;
				CLANG_WARN_SUSPICIOUS_MOVE = YES;
				CLANG_WARN_UNGUARDED_AVAILABILITY = YES_AGGRESSIVE;
				CLANG_WARN_UNREACHABLE_CODE = YES;
				CLANG_WARN__DUPLICATE_METHOD_MATCH = YES;
				COPY_PHASE_STRIP = NO;
				DEBUG_INFORMATION_FORMAT = dwarf;
				ENABLE_STRICT_OBJC_MSGSEND = YES;
				ENABLE_TESTABILITY = YES;
				GCC_C_LANGUAGE_STANDARD = gnu11;
				GCC_DYNAMIC_NO_PIC = NO;
				GCC_NO_COMMON_BLOCKS = YES;
				GCC_OPTIMIZATION_LEVEL = 0;
				GCC_PREPROCESSOR_DEFINITIONS = (
					"DEBUG=1",
					"$(inherited)",
				);
				GCC_WARN_64_TO_32_BIT_CONVERSION = YES;
				GCC_WARN_ABOUT_RETURN_TYPE = YES_ERROR;
				GCC_WARN_UNDECLARED_SELECTOR = YES;
				GCC_WARN_UNINITIALIZED_AUTOS = YES_AGGRESSIVE;
				GCC_WARN_UNUSED_FUNCTION = YES;
				GCC_WARN_UNUSED_VARIABLE = YES;
				IPHONEOS_DEPLOYMENT_TARGET = 14.5;
				MTL_ENABLE_DEBUG_INFO = INCLUDE_SOURCE;
				MTL_FAST_MATH = YES;
				ONLY_ACTIVE_ARCH = YES;
				SDKROOT = iphoneos;
				SWIFT_ACTIVE_COMPILATION_CONDITIONS = DEBUG;
				SWIFT_OPTIMIZATION_LEVEL = "-Onone";
			};
			name = Debug;
		};
		BBDBDAD02663B05400793D67 /* Release */ = {
			isa = XCBuildConfiguration;
			buildSettings = {
				ALWAYS_SEARCH_USER_PATHS = NO;
				CLANG_ANALYZER_NONNULL = YES;
				CLANG_ANALYZER_NUMBER_OBJECT_CONVERSION = YES_AGGRESSIVE;
				CLANG_CXX_LANGUAGE_STANDARD = "gnu++14";
				CLANG_CXX_LIBRARY = "libc++";
				CLANG_ENABLE_MODULES = YES;
				CLANG_ENABLE_OBJC_ARC = YES;
				CLANG_ENABLE_OBJC_WEAK = YES;
				CLANG_WARN_BLOCK_CAPTURE_AUTORELEASING = YES;
				CLANG_WARN_BOOL_CONVERSION = YES;
				CLANG_WARN_COMMA = YES;
				CLANG_WARN_CONSTANT_CONVERSION = YES;
				CLANG_WARN_DEPRECATED_OBJC_IMPLEMENTATIONS = YES;
				CLANG_WARN_DIRECT_OBJC_ISA_USAGE = YES_ERROR;
				CLANG_WARN_DOCUMENTATION_COMMENTS = YES;
				CLANG_WARN_EMPTY_BODY = YES;
				CLANG_WARN_ENUM_CONVERSION = YES;
				CLANG_WARN_INFINITE_RECURSION = YES;
				CLANG_WARN_INT_CONVERSION = YES;
				CLANG_WARN_NON_LITERAL_NULL_CONVERSION = YES;
				CLANG_WARN_OBJC_IMPLICIT_RETAIN_SELF = YES;
				CLANG_WARN_OBJC_LITERAL_CONVERSION = YES;
				CLANG_WARN_OBJC_ROOT_CLASS = YES_ERROR;
				CLANG_WARN_QUOTED_INCLUDE_IN_FRAMEWORK_HEADER = YES;
				CLANG_WARN_RANGE_LOOP_ANALYSIS = YES;
				CLANG_WARN_STRICT_PROTOTYPES = YES;
				CLANG_WARN_SUSPICIOUS_MOVE = YES;
				CLANG_WARN_UNGUARDED_AVAILABILITY = YES_AGGRESSIVE;
				CLANG_WARN_UNREACHABLE_CODE = YES;
				CLANG_WARN__DUPLICATE_METHOD_MATCH = YES;
				COPY_PHASE_STRIP = NO;
				DEBUG_INFORMATION_FORMAT = "dwarf-with-dsym";
				ENABLE_NS_ASSERTIONS = NO;
				ENABLE_STRICT_OBJC_MSGSEND = YES;
				GCC_C_LANGUAGE_STANDARD = gnu11;
				GCC_NO_COMMON_BLOCKS = YES;
				GCC_WARN_64_TO_32_BIT_CONVERSION = YES;
				GCC_WARN_ABOUT_RETURN_TYPE = YES_ERROR;
				GCC_WARN_UNDECLARED_SELECTOR = YES;
				GCC_WARN_UNINITIALIZED_AUTOS = YES_AGGRESSIVE;
				GCC_WARN_UNUSED_FUNCTION = YES;
				GCC_WARN_UNUSED_VARIABLE = YES;
				IPHONEOS_DEPLOYMENT_TARGET = 14.5;
				MTL_ENABLE_DEBUG_INFO = NO;
				MTL_FAST_MATH = YES;
				SDKROOT = iphoneos;
				SWIFT_COMPILATION_MODE = wholemodule;
				SWIFT_OPTIMIZATION_LEVEL = "-O";
				VALIDATE_PRODUCT = YES;
			};
			name = Release;
		};
		BBDBDAD22663B05400793D67 /* Debug */ = {
			isa = XCBuildConfiguration;
			buildSettings = {
				ASSETCATALOG_COMPILER_APPICON_NAME = AppIcon;
				ASSETCATALOG_COMPILER_GLOBAL_ACCENT_COLOR_NAME = AccentColor;
				CODE_SIGN_STYLE = Automatic;
				DEVELOPMENT_TEAM = V6RS859928;
				INFOPLIST_FILE = QRDemo/Info.plist;
				IPHONEOS_DEPLOYMENT_TARGET = 14.3;
				LD_RUNPATH_SEARCH_PATHS = (
					"$(inherited)",
					"@executable_path/Frameworks",
				);
				PRODUCT_BUNDLE_IDENTIFIER = com.alibaba.QRDemo;
				PRODUCT_NAME = "$(TARGET_NAME)";
				SWIFT_VERSION = 5.0;
				TARGETED_DEVICE_FAMILY = "1,2";
			};
			name = Debug;
		};
		BBDBDAD32663B05400793D67 /* Release */ = {
			isa = XCBuildConfiguration;
			buildSettings = {
				ASSETCATALOG_COMPILER_APPICON_NAME = AppIcon;
				ASSETCATALOG_COMPILER_GLOBAL_ACCENT_COLOR_NAME = AccentColor;
				CODE_SIGN_STYLE = Automatic;
				DEVELOPMENT_TEAM = V6RS859928;
				INFOPLIST_FILE = QRDemo/Info.plist;
				IPHONEOS_DEPLOYMENT_TARGET = 14.3;
				LD_RUNPATH_SEARCH_PATHS = (
					"$(inherited)",
					"@executable_path/Frameworks",
				);
				PRODUCT_BUNDLE_IDENTIFIER = com.alibaba.QRDemo;
				PRODUCT_NAME = "$(TARGET_NAME)";
				SWIFT_VERSION = 5.0;
				TARGETED_DEVICE_FAMILY = "1,2";
			};
			name = Release;
		};
/* End XCBuildConfiguration section */

/* Begin XCConfigurationList section */
		BBDBDAB82663B05200793D67 /* Build configuration list for PBXProject "QRDemo" */ = {
			isa = XCConfigurationList;
			buildConfigurations = (
				BBDBDACF2663B05400793D67 /* Debug */,
				BBDBDAD02663B05400793D67 /* Release */,
			);
			defaultConfigurationIsVisible = 0;
			defaultConfigurationName = Release;
		};
		BBDBDAD12663B05400793D67 /* Build configuration list for PBXNativeTarget "QRDemo" */ = {
			isa = XCConfigurationList;
			buildConfigurations = (
				BBDBDAD22663B05400793D67 /* Debug */,
				BBDBDAD32663B05400793D67 /* Release */,
			);
			defaultConfigurationIsVisible = 0;
			defaultConfigurationName = Release;
		};
/* End XCConfigurationList section */

/* Begin XCRemoteSwiftPackageReference section */
		BB82F1B22664FF0F009273BE /* XCRemoteSwiftPackageReference "RKScannerView" */ = {
			isa = XCRemoteSwiftPackageReference;
			repositoryURL = "https://github.com/rezamagnet/RKScannerView";
			requirement = {
				kind = upToNextMajorVersion;
				minimumVersion = 0.1.0;
			};
		};
/* End XCRemoteSwiftPackageReference section */

/* Begin XCSwiftPackageProductDependency section */
		BB82F1B32664FF0F009273BE /* RKScannerView */ = {
			isa = XCSwiftPackageProductDependency;
			package = BB82F1B22664FF0F009273BE /* XCRemoteSwiftPackageReference "RKScannerView" */;
			productName = RKScannerView;
		};
/* End XCSwiftPackageProductDependency section */
	};
	rootObject = BBDBDAB52663B05200793D67 /* Project object */;
}
