{
  "object": {
    "pins": [
      {
        "package": "RKScannerView",
        "repositoryURL": "https://github.com/rezamagnet/RKScannerView",
        "state": {
          "branch": null,
          "revision": "72784d19eba92cef6397e781c4f1b433838b5847",
          "version": "0.1.0"
        }
      }
    ]
  },
  "version": 1
}
