{
  "object": {
    "pins": [
      {
        "package": "RKScannerView",
        "repositoryURL": "https://github.com/rezamagnet/RKScannerView",
        "state": {
          "branch": null,
          "revision": "b40980d77a4999d7e03f1f98a16e75f5d7c52c80",
          "version": "0.3.0"
        }
      }
    ]
  },
  "version": 1
}
